
Microsoft Visual Studio Solution File, Format Version 12.00
# Visual Studio Version 16
VisualStudioVersion = 16.0.30804.86
MinimumVisualStudioVersion = 10.0.40219.1
Project("{FAE04EC0-301F-11D3-BF4B-00C04F79EFBC}") = "SqlServerAsyncRead", "SqlServerAsyncRead\SqlServerAsyncRead.csproj", "{E883E0CE-608F-4362-A01A-446CAD294B5E}"
EndProject
Project("{2150E333-8FDC-42A3-9474-1A3956D46DE8}") = "Solution Items", "Solution Items", "{0B59AD50-E637-4202-A42C-5321DA6E4A99}"
	ProjectSection(SolutionItems) = preProject
		readme.md = readme.md
	EndProjectSection
EndProject
Global
	GlobalSection(SolutionConfigurationPlatforms) = preSolution
		Debug|Any CPU = Debug|Any CPU
		Release|Any CPU = Release|Any CPU
	EndGlobalSection
	GlobalSection(ProjectConfigurationPlatforms) = postSolution
		{E883E0CE-608F-4362-A01A-446CAD294B5E}.Debug|Any CPU.ActiveCfg = Debug|Any CPU
		{E883E0CE-608F-4362-A01A-446CAD294B5E}.Debug|Any CPU.Build.0 = Debug|Any CPU
		{E883E0CE-608F-4362-A01A-446CAD294B5E}.Release|Any CPU.ActiveCfg = Release|Any CPU
		{E883E0CE-608F-4362-A01A-446CAD294B5E}.Release|Any CPU.Build.0 = Release|Any CPU
	EndGlobalSection
	GlobalSection(SolutionProperties) = preSolution
		HideSolutionNode = FALSE
	EndGlobalSection
	GlobalSection(ExtensibilityGlobals) = postSolution
		SolutionGuid = {60E7349D-7F98-41B7-BE77-CE02F63E6BA8}
	EndGlobalSection
EndGlobal
